// !$*UTF8*$!
{
	archiveVersion = 1;
	classes = {
	};
	objectVersion = 77;
	objects = {

/* Begin PBXBuildFile section */
		F975F2122CAB005E00C9D3BF /* YearFeature in Frameworks */ = {isa = PBXBuildFile; productRef = F975F2112CAB005E00C9D3BF /* YearFeature */; };
		F975F2142CAB007500C9D3BF /* PayClient in Frameworks */ = {isa = PBXBuildFile; productRef = F975F2132CAB007500C9D3BF /* PayClient */; };
		F978C0382CA3245700C4511A /* WidgetKit.framework in Frameworks */ = {isa = PBXBuildFile; fileRef = F978C0372CA3245700C4511A /* WidgetKit.framework */; };
		F978C03A2CA3245700C4511A /* SwiftUI.framework in Frameworks */ = {isa = PBXBuildFile; fileRef = F978C0392CA3245700C4511A /* SwiftUI.framework */; };
		F978C04E2CA32AF700C4511A /* Models in Frameworks */ = {isa = PBXBuildFile; productRef = F978C04D2CA32AF700C4511A /* Models */; };
		F978C0562CA332F900C4511A /* SharedStateExtensions in Frameworks */ = {isa = PBXBuildFile; productRef = F978C0552CA332F900C4511A /* SharedStateExtensions */; };
		F9972A802C9E0EFC007B2E3C /* ComposableArchitecture in Frameworks */ = {isa = PBXBuildFile; productRef = F9972A7F2C9E0EFC007B2E3C /* ComposableArchitecture */; };
/* End PBXBuildFile section */

/* Begin PBXContainerItemProxy section */
		F9DDFA902C9DDFD600488DC5 /* PBXContainerItemProxy */ = {
			isa = PBXContainerItemProxy;
			containerPortal = F9DDFA772C9DDFD500488DC5 /* Project object */;
			proxyType = 1;
			remoteGlobalIDString = F9DDFA7E2C9DDFD500488DC5;
			remoteInfo = IncomeSchedule;
		};
		F9DDFA9A2C9DDFD600488DC5 /* PBXContainerItemProxy */ = {
			isa = PBXContainerItemProxy;
			containerPortal = F9DDFA772C9DDFD500488DC5 /* Project object */;
			proxyType = 1;
			remoteGlobalIDString = F9DDFA7E2C9DDFD500488DC5;
			remoteInfo = IncomeSchedule;
		};
/* End PBXContainerItemProxy section */

/* Begin PBXFileReference section */
		F978C0362CA3245700C4511A /* IncomeScheduleWidgetExtension.appex */ = {isa = PBXFileReference; explicitFileType = "wrapper.app-extension"; includeInIndex = 0; path = IncomeScheduleWidgetExtension.appex; sourceTree = BUILT_PRODUCTS_DIR; };
		F978C0372CA3245700C4511A /* WidgetKit.framework */ = {isa = PBXFileReference; lastKnownFileType = wrapper.framework; name = WidgetKit.framework; path = System/Library/Frameworks/WidgetKit.framework; sourceTree = SDKROOT; };
		F978C0392CA3245700C4511A /* SwiftUI.framework */ = {isa = PBXFileReference; lastKnownFileType = wrapper.framework; name = SwiftUI.framework; path = System/Library/Frameworks/SwiftUI.framework; sourceTree = SDKROOT; };
		F9972A812C9E0F33007B2E3C /* IncomeScheduleCore */ = {isa = PBXFileReference; lastKnownFileType = wrapper; path = IncomeScheduleCore; sourceTree = "<group>"; };
		F9DDFA7F2C9DDFD500488DC5 /* IncomeSchedule.app */ = {isa = PBXFileReference; explicitFileType = wrapper.application; includeInIndex = 0; path = IncomeSchedule.app; sourceTree = BUILT_PRODUCTS_DIR; };
		F9DDFA8F2C9DDFD600488DC5 /* IncomeScheduleTests.xctest */ = {isa = PBXFileReference; explicitFileType = wrapper.cfbundle; includeInIndex = 0; path = IncomeScheduleTests.xctest; sourceTree = BUILT_PRODUCTS_DIR; };
		F9DDFA992C9DDFD600488DC5 /* IncomeScheduleUITests.xctest */ = {isa = PBXFileReference; explicitFileType = wrapper.cfbundle; includeInIndex = 0; path = IncomeScheduleUITests.xctest; sourceTree = BUILT_PRODUCTS_DIR; };
		F9E232882CA43FA80046D432 /* IncomeScheduleWidgetExtension.entitlements */ = {isa = PBXFileReference; lastKnownFileType = text.plist.entitlements; path = IncomeScheduleWidgetExtension.entitlements; sourceTree = "<group>"; };
/* End PBXFileReference section */

/* Begin PBXFileSystemSynchronizedBuildFileExceptionSet section */
		F978C04B2CA3245800C4511A /* Exceptions for "IncomeScheduleWidget" folder in "IncomeScheduleWidgetExtension" target */ = {
			isa = PBXFileSystemSynchronizedBuildFileExceptionSet;
			membershipExceptions = (
				Info.plist,
			);
			target = F978C0352CA3245700C4511A /* IncomeScheduleWidgetExtension */;
		};
		F9BE785B2CA6037300F71D05 /* Exceptions for "IncomeScheduleWidget" folder in "IncomeSchedule" target */ = {
			isa = PBXFileSystemSynchronizedBuildFileExceptionSet;
			membershipExceptions = (
				NextMonth/NextMonthConfigurationAppIntent.swift,
				NextMonth/NextMonthSystemSmallView.swift,
				NextMonth/NextMonthTimelineEntry.swift,
				NextMonth/NextMonthTimelineProvider.swift,
				NextMonth/NextMonthWidget.swift,
				NextMonth/NextMonthWidgetEntryView.swift,
			);
			target = F9DDFA7E2C9DDFD500488DC5 /* IncomeSchedule */;
		};
/* End PBXFileSystemSynchronizedBuildFileExceptionSet section */

/* Begin PBXFileSystemSynchronizedRootGroup section */
		F978C03B2CA3245700C4511A /* IncomeScheduleWidget */ = {
			isa = PBXFileSystemSynchronizedRootGroup;
			exceptions = (
				F9BE785B2CA6037300F71D05 /* Exceptions for "IncomeScheduleWidget" folder in "IncomeSchedule" target */,
				F978C04B2CA3245800C4511A /* Exceptions for "IncomeScheduleWidget" folder in "IncomeScheduleWidgetExtension" target */,
			);
			path = IncomeScheduleWidget;
			sourceTree = "<group>";
		};
		F9DDFA812C9DDFD500488DC5 /* IncomeSchedule */ = {
			isa = PBXFileSystemSynchronizedRootGroup;
			path = IncomeSchedule;
			sourceTree = "<group>";
		};
		F9DDFA922C9DDFD600488DC5 /* IncomeScheduleTests */ = {
			isa = PBXFileSystemSynchronizedRootGroup;
			path = IncomeScheduleTests;
			sourceTree = "<group>";
		};
		F9DDFA9C2C9DDFD600488DC5 /* IncomeScheduleUITests */ = {
			isa = PBXFileSystemSynchronizedRootGroup;
			path = IncomeScheduleUITests;
			sourceTree = "<group>";
		};
/* End PBXFileSystemSynchronizedRootGroup section */

/* Begin PBXFrameworksBuildPhase section */
		F978C0332CA3245700C4511A /* Frameworks */ = {
			isa = PBXFrameworksBuildPhase;
			buildActionMask = 2147483647;
			files = (
				F978C04E2CA32AF700C4511A /* Models in Frameworks */,
				F978C0562CA332F900C4511A /* SharedStateExtensions in Frameworks */,
				F978C03A2CA3245700C4511A /* SwiftUI.framework in Frameworks */,
				F975F2142CAB007500C9D3BF /* PayClient in Frameworks */,
				F978C0382CA3245700C4511A /* WidgetKit.framework in Frameworks */,
			);
			runOnlyForDeploymentPostprocessing = 0;
		};
		F9DDFA7C2C9DDFD500488DC5 /* Frameworks */ = {
			isa = PBXFrameworksBuildPhase;
			buildActionMask = 2147483647;
			files = (
				F975F2122CAB005E00C9D3BF /* YearFeature in Frameworks */,
				F9972A802C9E0EFC007B2E3C /* ComposableArchitecture in Frameworks */,
			);
			runOnlyForDeploymentPostprocessing = 0;
		};
		F9DDFA8C2C9DDFD600488DC5 /* Frameworks */ = {
			isa = PBXFrameworksBuildPhase;
			buildActionMask = 2147483647;
			files = (
			);
			runOnlyForDeploymentPostprocessing = 0;
		};
		F9DDFA962C9DDFD600488DC5 /* Frameworks */ = {
			isa = PBXFrameworksBuildPhase;
			buildActionMask = 2147483647;
			files = (
			);
			runOnlyForDeploymentPostprocessing = 0;
		};
/* End PBXFrameworksBuildPhase section */

/* Begin PBXGroup section */
		F9DDFA762C9DDFD500488DC5 = {
			isa = PBXGroup;
			children = (
				F9E232882CA43FA80046D432 /* IncomeScheduleWidgetExtension.entitlements */,
				F9972A812C9E0F33007B2E3C /* IncomeScheduleCore */,
				F9DDFA812C9DDFD500488DC5 /* IncomeSchedule */,
				F9DDFA922C9DDFD600488DC5 /* IncomeScheduleTests */,
				F9DDFA9C2C9DDFD600488DC5 /* IncomeScheduleUITests */,
				F978C03B2CA3245700C4511A /* IncomeScheduleWidget */,
				F9DDFB162C9E030700488DC5 /* Frameworks */,
				F9DDFA802C9DDFD500488DC5 /* Products */,
			);
			sourceTree = "<group>";
		};
		F9DDFA802C9DDFD500488DC5 /* Products */ = {
			isa = PBXGroup;
			children = (
				F9DDFA7F2C9DDFD500488DC5 /* IncomeSchedule.app */,
				F9DDFA8F2C9DDFD600488DC5 /* IncomeScheduleTests.xctest */,
				F9DDFA992C9DDFD600488DC5 /* IncomeScheduleUITests.xctest */,
				F978C0362CA3245700C4511A /* IncomeScheduleWidgetExtension.appex */,
			);
			name = Products;
			sourceTree = "<group>";
		};
		F9DDFB162C9E030700488DC5 /* Frameworks */ = {
			isa = PBXGroup;
			children = (
				F978C0372CA3245700C4511A /* WidgetKit.framework */,
				F978C0392CA3245700C4511A /* SwiftUI.framework */,
			);
			name = Frameworks;
			sourceTree = "<group>";
		};
/* End PBXGroup section */

/* Begin PBXNativeTarget section */
		F978C0352CA3245700C4511A /* IncomeScheduleWidgetExtension */ = {
			isa = PBXNativeTarget;
			buildConfigurationList = F978C04C2CA3245800C4511A /* Build configuration list for PBXNativeTarget "IncomeScheduleWidgetExtension" */;
			buildPhases = (
				F978C0322CA3245700C4511A /* Sources */,
				F978C0332CA3245700C4511A /* Frameworks */,
				F978C0342CA3245700C4511A /* Resources */,
			);
			buildRules = (
			);
			dependencies = (
			);
			fileSystemSynchronizedGroups = (
				F978C03B2CA3245700C4511A /* IncomeScheduleWidget */,
			);
			name = IncomeScheduleWidgetExtension;
			packageProductDependencies = (
				F978C04D2CA32AF700C4511A /* Models */,
				F978C0552CA332F900C4511A /* SharedStateExtensions */,
				F975F2132CAB007500C9D3BF /* PayClient */,
			);
			productName = IncomeScheduleWidgetExtension;
			productReference = F978C0362CA3245700C4511A /* IncomeScheduleWidgetExtension.appex */;
			productType = "com.apple.product-type.app-extension";
		};
		F9DDFA7E2C9DDFD500488DC5 /* IncomeSchedule */ = {
			isa = PBXNativeTarget;
			buildConfigurationList = F9DDFAA32C9DDFD600488DC5 /* Build configuration list for PBXNativeTarget "IncomeSchedule" */;
			buildPhases = (
				F9DDFA7B2C9DDFD500488DC5 /* Sources */,
				F9DDFA7C2C9DDFD500488DC5 /* Frameworks */,
				F9DDFA7D2C9DDFD500488DC5 /* Resources */,
			);
			buildRules = (
			);
			dependencies = (
			);
			fileSystemSynchronizedGroups = (
				F9DDFA812C9DDFD500488DC5 /* IncomeSchedule */,
			);
			name = IncomeSchedule;
			packageProductDependencies = (
				F9972A7F2C9E0EFC007B2E3C /* ComposableArchitecture */,
				F975F2112CAB005E00C9D3BF /* YearFeature */,
			);
			productName = IncomeSchedule;
			productReference = F9DDFA7F2C9DDFD500488DC5 /* IncomeSchedule.app */;
			productType = "com.apple.product-type.application";
		};
		F9DDFA8E2C9DDFD600488DC5 /* IncomeScheduleTests */ = {
			isa = PBXNativeTarget;
			buildConfigurationList = F9DDFAA62C9DDFD600488DC5 /* Build configuration list for PBXNativeTarget "IncomeScheduleTests" */;
			buildPhases = (
				F9DDFA8B2C9DDFD600488DC5 /* Sources */,
				F9DDFA8C2C9DDFD600488DC5 /* Frameworks */,
				F9DDFA8D2C9DDFD600488DC5 /* Resources */,
			);
			buildRules = (
			);
			dependencies = (
				F9DDFA912C9DDFD600488DC5 /* PBXTargetDependency */,
			);
			fileSystemSynchronizedGroups = (
				F9DDFA922C9DDFD600488DC5 /* IncomeScheduleTests */,
			);
			name = IncomeScheduleTests;
			packageProductDependencies = (
			);
			productName = IncomeScheduleTests;
			productReference = F9DDFA8F2C9DDFD600488DC5 /* IncomeScheduleTests.xctest */;
			productType = "com.apple.product-type.bundle.unit-test";
		};
		F9DDFA982C9DDFD600488DC5 /* IncomeScheduleUITests */ = {
			isa = PBXNativeTarget;
			buildConfigurationList = F9DDFAA92C9DDFD600488DC5 /* Build configuration list for PBXNativeTarget "IncomeScheduleUITests" */;
			buildPhases = (
				F9DDFA952C9DDFD600488DC5 /* Sources */,
				F9DDFA962C9DDFD600488DC5 /* Frameworks */,
				F9DDFA972C9DDFD600488DC5 /* Resources */,
			);
			buildRules = (
			);
			dependencies = (
				F9DDFA9B2C9DDFD600488DC5 /* PBXTargetDependency */,
			);
			fileSystemSynchronizedGroups = (
				F9DDFA9C2C9DDFD600488DC5 /* IncomeScheduleUITests */,
			);
			name = IncomeScheduleUITests;
			packageProductDependencies = (
			);
			productName = IncomeScheduleUITests;
			productReference = F9DDFA992C9DDFD600488DC5 /* IncomeScheduleUITests.xctest */;
			productType = "com.apple.product-type.bundle.ui-testing";
		};
/* End PBXNativeTarget section */

/* Begin PBXProject section */
		F9DDFA772C9DDFD500488DC5 /* Project object */ = {
			isa = PBXProject;
			attributes = {
				BuildIndependentTargetsInParallel = 1;
				LastSwiftUpdateCheck = 1600;
				LastUpgradeCheck = 1600;
				TargetAttributes = {
					F978C0352CA3245700C4511A = {
						CreatedOnToolsVersion = 16.0;
					};
					F9DDFA7E2C9DDFD500488DC5 = {
						CreatedOnToolsVersion = 16.0;
					};
					F9DDFA8E2C9DDFD600488DC5 = {
						CreatedOnToolsVersion = 16.0;
						TestTargetID = F9DDFA7E2C9DDFD500488DC5;
					};
					F9DDFA982C9DDFD600488DC5 = {
						CreatedOnToolsVersion = 16.0;
						TestTargetID = F9DDFA7E2C9DDFD500488DC5;
					};
				};
			};
			buildConfigurationList = F9DDFA7A2C9DDFD500488DC5 /* Build configuration list for PBXProject "IncomeSchedule" */;
			developmentRegion = en;
			hasScannedForEncodings = 0;
			knownRegions = (
				en,
				Base,
			);
			mainGroup = F9DDFA762C9DDFD500488DC5;
			minimizedProjectReferenceProxies = 1;
			packageReferences = (
				F9972A7E2C9E0EFC007B2E3C /* XCRemoteSwiftPackageReference "swift-composable-architecture" */,
			);
			preferredProjectObjectVersion = 77;
			productRefGroup = F9DDFA802C9DDFD500488DC5 /* Products */;
			projectDirPath = "";
			projectRoot = "";
			targets = (
				F9DDFA7E2C9DDFD500488DC5 /* IncomeSchedule */,
				F9DDFA8E2C9DDFD600488DC5 /* IncomeScheduleTests */,
				F9DDFA982C9DDFD600488DC5 /* IncomeScheduleUITests */,
				F978C0352CA3245700C4511A /* IncomeScheduleWidgetExtension */,
			);
		};
/* End PBXProject section */

/* Begin PBXResourcesBuildPhase section */
		F978C0342CA3245700C4511A /* Resources */ = {
			isa = PBXResourcesBuildPhase;
			buildActionMask = 2147483647;
			files = (
			);
			runOnlyForDeploymentPostprocessing = 0;
		};
		F9DDFA7D2C9DDFD500488DC5 /* Resources */ = {
			isa = PBXResourcesBuildPhase;
			buildActionMask = 2147483647;
			files = (
			);
			runOnlyForDeploymentPostprocessing = 0;
		};
		F9DDFA8D2C9DDFD600488DC5 /* Resources */ = {
			isa = PBXResourcesBuildPhase;
			buildActionMask = 2147483647;
			files = (
			);
			runOnlyForDeploymentPostprocessing = 0;
		};
		F9DDFA972C9DDFD600488DC5 /* Resources */ = {
			isa = PBXResourcesBuildPhase;
			buildActionMask = 2147483647;
			files = (
			);
			runOnlyForDeploymentPostprocessing = 0;
		};
/* End PBXResourcesBuildPhase section */

/* Begin PBXSourcesBuildPhase section */
		F978C0322CA3245700C4511A /* Sources */ = {
			isa = PBXSourcesBuildPhase;
			buildActionMask = 2147483647;
			files = (
			);
			runOnlyForDeploymentPostprocessing = 0;
		};
		F9DDFA7B2C9DDFD500488DC5 /* Sources */ = {
			isa = PBXSourcesBuildPhase;
			buildActionMask = 2147483647;
			files = (
			);
			runOnlyForDeploymentPostprocessing = 0;
		};
		F9DDFA8B2C9DDFD600488DC5 /* Sources */ = {
			isa = PBXSourcesBuildPhase;
			buildActionMask = 2147483647;
			files = (
			);
			runOnlyForDeploymentPostprocessing = 0;
		};
		F9DDFA952C9DDFD600488DC5 /* Sources */ = {
			isa = PBXSourcesBuildPhase;
			buildActionMask = 2147483647;
			files = (
			);
			runOnlyForDeploymentPostprocessing = 0;
		};
/* End PBXSourcesBuildPhase section */

/* Begin PBXTargetDependency section */
		F9DDFA912C9DDFD600488DC5 /* PBXTargetDependency */ = {
			isa = PBXTargetDependency;
			target = F9DDFA7E2C9DDFD500488DC5 /* IncomeSchedule */;
			targetProxy = F9DDFA902C9DDFD600488DC5 /* PBXContainerItemProxy */;
		};
		F9DDFA9B2C9DDFD600488DC5 /* PBXTargetDependency */ = {
			isa = PBXTargetDependency;
			target = F9DDFA7E2C9DDFD500488DC5 /* IncomeSchedule */;
			targetProxy = F9DDFA9A2C9DDFD600488DC5 /* PBXContainerItemProxy */;
		};
/* End PBXTargetDependency section */

/* Begin XCBuildConfiguration section */
		F978C0492CA3245800C4511A /* Debug */ = {
			isa = XCBuildConfiguration;
			buildSettings = {
				ASSETCATALOG_COMPILER_GLOBAL_ACCENT_COLOR_NAME = AccentColor;
				ASSETCATALOG_COMPILER_WIDGET_BACKGROUND_COLOR_NAME = WidgetBackground;
				CODE_SIGN_ENTITLEMENTS = IncomeScheduleWidgetExtension.entitlements;
				CODE_SIGN_STYLE = Automatic;
				CURRENT_PROJECT_VERSION = 1;
				DEVELOPMENT_TEAM = K6D967URM5;
				GENERATE_INFOPLIST_FILE = YES;
				INFOPLIST_FILE = IncomeScheduleWidget/Info.plist;
				INFOPLIST_KEY_CFBundleDisplayName = IncomeScheduleWidget;
				INFOPLIST_KEY_NSHumanReadableCopyright = "";
				LD_RUNPATH_SEARCH_PATHS = (
					"$(inherited)",
					"@executable_path/Frameworks",
					"@executable_path/../../Frameworks",
				);
				MARKETING_VERSION = 1.0;
				PRODUCT_BUNDLE_IDENTIFIER = com.bryankohrn.IncomeSchedule.IncomeScheduleWidget;
				PRODUCT_NAME = "$(TARGET_NAME)";
				SKIP_INSTALL = YES;
				SWIFT_EMIT_LOC_STRINGS = YES;
				SWIFT_VERSION = 5.0;
				TARGETED_DEVICE_FAMILY = "1,2";
			};
			name = Debug;
		};
		F978C04A2CA3245800C4511A /* Release */ = {
			isa = XCBuildConfiguration;
			buildSettings = {
				ASSETCATALOG_COMPILER_GLOBAL_ACCENT_COLOR_NAME = AccentColor;
				ASSETCATALOG_COMPILER_WIDGET_BACKGROUND_COLOR_NAME = WidgetBackground;
				CODE_SIGN_ENTITLEMENTS = IncomeScheduleWidgetExtension.entitlements;
				CODE_SIGN_STYLE = Automatic;
				CURRENT_PROJECT_VERSION = 1;
				DEVELOPMENT_TEAM = K6D967URM5;
				GENERATE_INFOPLIST_FILE = YES;
				INFOPLIST_FILE = IncomeScheduleWidget/Info.plist;
				INFOPLIST_KEY_CFBundleDisplayName = IncomeScheduleWidget;
				INFOPLIST_KEY_NSHumanReadableCopyright = "";
				LD_RUNPATH_SEARCH_PATHS = (
					"$(inherited)",
					"@executable_path/Frameworks",
					"@executable_path/../../Frameworks",
				);
				MARKETING_VERSION = 1.0;
				PRODUCT_BUNDLE_IDENTIFIER = com.bryankohrn.IncomeSchedule.IncomeScheduleWidget;
				PRODUCT_NAME = "$(TARGET_NAME)";
				SKIP_INSTALL = YES;
				SWIFT_EMIT_LOC_STRINGS = YES;
				SWIFT_VERSION = 5.0;
				TARGETED_DEVICE_FAMILY = "1,2";
			};
			name = Release;
		};
		F9DDFAA12C9DDFD600488DC5 /* Debug */ = {
			isa = XCBuildConfiguration;
			buildSettings = {
				ALWAYS_SEARCH_USER_PATHS = NO;
				ASSETCATALOG_COMPILER_GENERATE_SWIFT_ASSET_SYMBOL_EXTENSIONS = YES;
				CLANG_ANALYZER_NONNULL = YES;
				CLANG_ANALYZER_NUMBER_OBJECT_CONVERSION = YES_AGGRESSIVE;
				CLANG_CXX_LANGUAGE_STANDARD = "gnu++20";
				CLANG_ENABLE_MODULES = YES;
				CLANG_ENABLE_OBJC_ARC = YES;
				CLANG_ENABLE_OBJC_WEAK = YES;
				CLANG_WARN_BLOCK_CAPTURE_AUTORELEASING = YES;
				CLANG_WARN_BOOL_CONVERSION = YES;
				CLANG_WARN_COMMA = YES;
				CLANG_WARN_CONSTANT_CONVERSION = YES;
				CLANG_WARN_DEPRECATED_OBJC_IMPLEMENTATIONS = YES;
				CLANG_WARN_DIRECT_OBJC_ISA_USAGE = YES_ERROR;
				CLANG_WARN_DOCUMENTATION_COMMENTS = YES;
				CLANG_WARN_EMPTY_BODY = YES;
				CLANG_WARN_ENUM_CONVERSION = YES;
				CLANG_WARN_INFINITE_RECURSION = YES;
				CLANG_WARN_INT_CONVERSION = YES;
				CLANG_WARN_NON_LITERAL_NULL_CONVERSION = YES;
				CLANG_WARN_OBJC_IMPLICIT_RETAIN_SELF = YES;
				CLANG_WARN_OBJC_LITERAL_CONVERSION = YES;
				CLANG_WARN_OBJC_ROOT_CLASS = YES_ERROR;
				CLANG_WARN_QUOTED_INCLUDE_IN_FRAMEWORK_HEADER = YES;
				CLANG_WARN_RANGE_LOOP_ANALYSIS = YES;
				CLANG_WARN_STRICT_PROTOTYPES = YES;
				CLANG_WARN_SUSPICIOUS_MOVE = YES;
				CLANG_WARN_UNGUARDED_AVAILABILITY = YES_AGGRESSIVE;
				CLANG_WARN_UNREACHABLE_CODE = YES;
				CLANG_WARN__DUPLICATE_METHOD_MATCH = YES;
				COPY_PHASE_STRIP = NO;
				DEBUG_INFORMATION_FORMAT = dwarf;
				ENABLE_STRICT_OBJC_MSGSEND = YES;
				ENABLE_TESTABILITY = YES;
				ENABLE_USER_SCRIPT_SANDBOXING = YES;
				GCC_C_LANGUAGE_STANDARD = gnu17;
				GCC_DYNAMIC_NO_PIC = NO;
				GCC_NO_COMMON_BLOCKS = YES;
				GCC_OPTIMIZATION_LEVEL = 0;
				GCC_PREPROCESSOR_DEFINITIONS = (
					"DEBUG=1",
					"$(inherited)",
				);
				GCC_WARN_64_TO_32_BIT_CONVERSION = YES;
				GCC_WARN_ABOUT_RETURN_TYPE = YES_ERROR;
				GCC_WARN_UNDECLARED_SELECTOR = YES;
				GCC_WARN_UNINITIALIZED_AUTOS = YES_AGGRESSIVE;
				GCC_WARN_UNUSED_FUNCTION = YES;
				GCC_WARN_UNUSED_VARIABLE = YES;
				IPHONEOS_DEPLOYMENT_TARGET = 18.0;
				LOCALIZATION_PREFERS_STRING_CATALOGS = YES;
				MTL_ENABLE_DEBUG_INFO = INCLUDE_SOURCE;
				MTL_FAST_MATH = YES;
				ONLY_ACTIVE_ARCH = YES;
				SDKROOT = iphoneos;
				SWIFT_ACTIVE_COMPILATION_CONDITIONS = "DEBUG $(inherited)";
				SWIFT_OPTIMIZATION_LEVEL = "-Onone";
			};
			name = Debug;
		};
		F9DDFAA22C9DDFD600488DC5 /* Release */ = {
			isa = XCBuildConfiguration;
			buildSettings = {
				ALWAYS_SEARCH_USER_PATHS = NO;
				ASSETCATALOG_COMPILER_GENERATE_SWIFT_ASSET_SYMBOL_EXTENSIONS = YES;
				CLANG_ANALYZER_NONNULL = YES;
				CLANG_ANALYZER_NUMBER_OBJECT_CONVERSION = YES_AGGRESSIVE;
				CLANG_CXX_LANGUAGE_STANDARD = "gnu++20";
				CLANG_ENABLE_MODULES = YES;
				CLANG_ENABLE_OBJC_ARC = YES;
				CLANG_ENABLE_OBJC_WEAK = YES;
				CLANG_WARN_BLOCK_CAPTURE_AUTORELEASING = YES;
				CLANG_WARN_BOOL_CONVERSION = YES;
				CLANG_WARN_COMMA = YES;
				CLANG_WARN_CONSTANT_CONVERSION = YES;
				CLANG_WARN_DEPRECATED_OBJC_IMPLEMENTATIONS = YES;
				CLANG_WARN_DIRECT_OBJC_ISA_USAGE = YES_ERROR;
				CLANG_WARN_DOCUMENTATION_COMMENTS = YES;
				CLANG_WARN_EMPTY_BODY = YES;
				CLANG_WARN_ENUM_CONVERSION = YES;
				CLANG_WARN_INFINITE_RECURSION = YES;
				CLANG_WARN_INT_CONVERSION = YES;
				CLANG_WARN_NON_LITERAL_NULL_CONVERSION = YES;
				CLANG_WARN_OBJC_IMPLICIT_RETAIN_SELF = YES;
				CLANG_WARN_OBJC_LITERAL_CONVERSION = YES;
				CLANG_WARN_OBJC_ROOT_CLASS = YES_ERROR;
				CLANG_WARN_QUOTED_INCLUDE_IN_FRAMEWORK_HEADER = YES;
				CLANG_WARN_RANGE_LOOP_ANALYSIS = YES;
				CLANG_WARN_STRICT_PROTOTYPES = YES;
				CLANG_WARN_SUSPICIOUS_MOVE = YES;
				CLANG_WARN_UNGUARDED_AVAILABILITY = YES_AGGRESSIVE;
				CLANG_WARN_UNREACHABLE_CODE = YES;
				CLANG_WARN__DUPLICATE_METHOD_MATCH = YES;
				COPY_PHASE_STRIP = NO;
				DEBUG_INFORMATION_FORMAT = "dwarf-with-dsym";
				ENABLE_NS_ASSERTIONS = NO;
				ENABLE_STRICT_OBJC_MSGSEND = YES;
				ENABLE_USER_SCRIPT_SANDBOXING = YES;
				GCC_C_LANGUAGE_STANDARD = gnu17;
				GCC_NO_COMMON_BLOCKS = YES;
				GCC_WARN_64_TO_32_BIT_CONVERSION = YES;
				GCC_WARN_ABOUT_RETURN_TYPE = YES_ERROR;
				GCC_WARN_UNDECLARED_SELECTOR = YES;
				GCC_WARN_UNINITIALIZED_AUTOS = YES_AGGRESSIVE;
				GCC_WARN_UNUSED_FUNCTION = YES;
				GCC_WARN_UNUSED_VARIABLE = YES;
				IPHONEOS_DEPLOYMENT_TARGET = 18.0;
				LOCALIZATION_PREFERS_STRING_CATALOGS = YES;
				MTL_ENABLE_DEBUG_INFO = NO;
				MTL_FAST_MATH = YES;
				SDKROOT = iphoneos;
				SWIFT_COMPILATION_MODE = wholemodule;
				VALIDATE_PRODUCT = YES;
			};
			name = Release;
		};
		F9DDFAA42C9DDFD600488DC5 /* Debug */ = {
			isa = XCBuildConfiguration;
			buildSettings = {
				ASSETCATALOG_COMPILER_APPICON_NAME = AppIcon;
				ASSETCATALOG_COMPILER_GLOBAL_ACCENT_COLOR_NAME = AccentColor;
				CODE_SIGN_ENTITLEMENTS = IncomeSchedule/IncomeSchedule.entitlements;
				CODE_SIGN_STYLE = Automatic;
				CURRENT_PROJECT_VERSION = 1;
				DEVELOPMENT_ASSET_PATHS = "\"IncomeSchedule/Preview Content\"";
				DEVELOPMENT_TEAM = K6D967URM5;
				ENABLE_PREVIEWS = YES;
				GENERATE_INFOPLIST_FILE = YES;
				INFOPLIST_KEY_UIApplicationSceneManifest_Generation = YES;
				INFOPLIST_KEY_UIApplicationSupportsIndirectInputEvents = YES;
				INFOPLIST_KEY_UILaunchScreen_Generation = YES;
				INFOPLIST_KEY_UISupportedInterfaceOrientations_iPad = "UIInterfaceOrientationPortrait UIInterfaceOrientationPortraitUpsideDown UIInterfaceOrientationLandscapeLeft UIInterfaceOrientationLandscapeRight";
				INFOPLIST_KEY_UISupportedInterfaceOrientations_iPhone = "UIInterfaceOrientationPortrait UIInterfaceOrientationLandscapeLeft UIInterfaceOrientationLandscapeRight";
				LD_RUNPATH_SEARCH_PATHS = (
					"$(inherited)",
					"@executable_path/Frameworks",
				);
				MARKETING_VERSION = 1.0;
				PRODUCT_BUNDLE_IDENTIFIER = com.bryankohrn.IncomeSchedule;
				PRODUCT_NAME = "$(TARGET_NAME)";
				SWIFT_EMIT_LOC_STRINGS = YES;
				SWIFT_VERSION = 5.0;
				TARGETED_DEVICE_FAMILY = "1,2";
			};
			name = Debug;
		};
		F9DDFAA52C9DDFD600488DC5 /* Release */ = {
			isa = XCBuildConfiguration;
			buildSettings = {
				ASSETCATALOG_COMPILER_APPICON_NAME = AppIcon;
				ASSETCATALOG_COMPILER_GLOBAL_ACCENT_COLOR_NAME = AccentColor;
				CODE_SIGN_ENTITLEMENTS = IncomeSchedule/IncomeSchedule.entitlements;
				CODE_SIGN_STYLE = Automatic;
				CURRENT_PROJECT_VERSION = 1;
				DEVELOPMENT_ASSET_PATHS = "\"IncomeSchedule/Preview Content\"";
				DEVELOPMENT_TEAM = K6D967URM5;
				ENABLE_PREVIEWS = YES;
				GENERATE_INFOPLIST_FILE = YES;
				INFOPLIST_KEY_UIApplicationSceneManifest_Generation = YES;
				INFOPLIST_KEY_UIApplicationSupportsIndirectInputEvents = YES;
				INFOPLIST_KEY_UILaunchScreen_Generation = YES;
				INFOPLIST_KEY_UISupportedInterfaceOrientations_iPad = "UIInterfaceOrientationPortrait UIInterfaceOrientationPortraitUpsideDown UIInterfaceOrientationLandscapeLeft UIInterfaceOrientationLandscapeRight";
				INFOPLIST_KEY_UISupportedInterfaceOrientations_iPhone = "UIInterfaceOrientationPortrait UIInterfaceOrientationLandscapeLeft UIInterfaceOrientationLandscapeRight";
				LD_RUNPATH_SEARCH_PATHS = (
					"$(inherited)",
					"@executable_path/Frameworks",
				);
				MARKETING_VERSION = 1.0;
				PRODUCT_BUNDLE_IDENTIFIER = com.bryankohrn.IncomeSchedule;
				PRODUCT_NAME = "$(TARGET_NAME)";
				SWIFT_EMIT_LOC_STRINGS = YES;
				SWIFT_VERSION = 5.0;
				TARGETED_DEVICE_FAMILY = "1,2";
			};
			name = Release;
		};
		F9DDFAA72C9DDFD600488DC5 /* Debug */ = {
			isa = XCBuildConfiguration;
			buildSettings = {
				BUNDLE_LOADER = "$(TEST_HOST)";
				CODE_SIGN_STYLE = Automatic;
				CURRENT_PROJECT_VERSION = 1;
				DEVELOPMENT_TEAM = K6D967URM5;
				GENERATE_INFOPLIST_FILE = YES;
				IPHONEOS_DEPLOYMENT_TARGET = 18.0;
				MARKETING_VERSION = 1.0;
				PRODUCT_BUNDLE_IDENTIFIER = com.bryankohrn.IncomeScheduleTests;
				PRODUCT_NAME = "$(TARGET_NAME)";
				SWIFT_EMIT_LOC_STRINGS = NO;
				SWIFT_VERSION = 5.0;
				TARGETED_DEVICE_FAMILY = "1,2";
				TEST_HOST = "$(BUILT_PRODUCTS_DIR)/IncomeSchedule.app/$(BUNDLE_EXECUTABLE_FOLDER_PATH)/IncomeSchedule";
			};
			name = Debug;
		};
		F9DDFAA82C9DDFD600488DC5 /* Release */ = {
			isa = XCBuildConfiguration;
			buildSettings = {
				BUNDLE_LOADER = "$(TEST_HOST)";
				CODE_SIGN_STYLE = Automatic;
				CURRENT_PROJECT_VERSION = 1;
				DEVELOPMENT_TEAM = K6D967URM5;
				GENERATE_INFOPLIST_FILE = YES;
				IPHONEOS_DEPLOYMENT_TARGET = 18.0;
				MARKETING_VERSION = 1.0;
				PRODUCT_BUNDLE_IDENTIFIER = com.bryankohrn.IncomeScheduleTests;
				PRODUCT_NAME = "$(TARGET_NAME)";
				SWIFT_EMIT_LOC_STRINGS = NO;
				SWIFT_VERSION = 5.0;
				TARGETED_DEVICE_FAMILY = "1,2";
				TEST_HOST = "$(BUILT_PRODUCTS_DIR)/IncomeSchedule.app/$(BUNDLE_EXECUTABLE_FOLDER_PATH)/IncomeSchedule";
			};
			name = Release;
		};
		F9DDFAAA2C9DDFD600488DC5 /* Debug */ = {
			isa = XCBuildConfiguration;
			buildSettings = {
				CODE_SIGN_STYLE = Automatic;
				CURRENT_PROJECT_VERSION = 1;
				DEVELOPMENT_TEAM = K6D967URM5;
				GENERATE_INFOPLIST_FILE = YES;
				MARKETING_VERSION = 1.0;
				PRODUCT_BUNDLE_IDENTIFIER = com.bryankohrn.IncomeScheduleUITests;
				PRODUCT_NAME = "$(TARGET_NAME)";
				SWIFT_EMIT_LOC_STRINGS = NO;
				SWIFT_VERSION = 5.0;
				TARGETED_DEVICE_FAMILY = "1,2";
				TEST_TARGET_NAME = IncomeSchedule;
			};
			name = Debug;
		};
		F9DDFAAB2C9DDFD600488DC5 /* Release */ = {
			isa = XCBuildConfiguration;
			buildSettings = {
				CODE_SIGN_STYLE = Automatic;
				CURRENT_PROJECT_VERSION = 1;
				DEVELOPMENT_TEAM = K6D967URM5;
				GENERATE_INFOPLIST_FILE = YES;
				MARKETING_VERSION = 1.0;
				PRODUCT_BUNDLE_IDENTIFIER = com.bryankohrn.IncomeScheduleUITests;
				PRODUCT_NAME = "$(TARGET_NAME)";
				SWIFT_EMIT_LOC_STRINGS = NO;
				SWIFT_VERSION = 5.0;
				TARGETED_DEVICE_FAMILY = "1,2";
				TEST_TARGET_NAME = IncomeSchedule;
			};
			name = Release;
		};
/* End XCBuildConfiguration section */

/* Begin XCConfigurationList section */
		F978C04C2CA3245800C4511A /* Build configuration list for PBXNativeTarget "IncomeScheduleWidgetExtension" */ = {
			isa = XCConfigurationList;
			buildConfigurations = (
				F978C0492CA3245800C4511A /* Debug */,
				F978C04A2CA3245800C4511A /* Release */,
			);
			defaultConfigurationIsVisible = 0;
			defaultConfigurationName = Release;
		};
		F9DDFA7A2C9DDFD500488DC5 /* Build configuration list for PBXProject "IncomeSchedule" */ = {
			isa = XCConfigurationList;
			buildConfigurations = (
				F9DDFAA12C9DDFD600488DC5 /* Debug */,
				F9DDFAA22C9DDFD600488DC5 /* Release */,
			);
			defaultConfigurationIsVisible = 0;
			defaultConfigurationName = Release;
		};
		F9DDFAA32C9DDFD600488DC5 /* Build configuration list for PBXNativeTarget "IncomeSchedule" */ = {
			isa = XCConfigurationList;
			buildConfigurations = (
				F9DDFAA42C9DDFD600488DC5 /* Debug */,
				F9DDFAA52C9DDFD600488DC5 /* Release */,
			);
			defaultConfigurationIsVisible = 0;
			defaultConfigurationName = Release;
		};
		F9DDFAA62C9DDFD600488DC5 /* Build configuration list for PBXNativeTarget "IncomeScheduleTests" */ = {
			isa = XCConfigurationList;
			buildConfigurations = (
				F9DDFAA72C9DDFD600488DC5 /* Debug */,
				F9DDFAA82C9DDFD600488DC5 /* Release */,
			);
			defaultConfigurationIsVisible = 0;
			defaultConfigurationName = Release;
		};
		F9DDFAA92C9DDFD600488DC5 /* Build configuration list for PBXNativeTarget "IncomeScheduleUITests" */ = {
			isa = XCConfigurationList;
			buildConfigurations = (
				F9DDFAAA2C9DDFD600488DC5 /* Debug */,
				F9DDFAAB2C9DDFD600488DC5 /* Release */,
			);
			defaultConfigurationIsVisible = 0;
			defaultConfigurationName = Release;
		};
/* End XCConfigurationList section */

/* Begin XCRemoteSwiftPackageReference section */
		F9972A7E2C9E0EFC007B2E3C /* XCRemoteSwiftPackageReference "swift-composable-architecture" */ = {
			isa = XCRemoteSwiftPackageReference;
			repositoryURL = "https://github.com/pointfreeco/swift-composable-architecture";
			requirement = {
				kind = upToNextMajorVersion;
				minimumVersion = 1.15.0;
			};
		};
/* End XCRemoteSwiftPackageReference section */

/* Begin XCSwiftPackageProductDependency section */
		F975F2112CAB005E00C9D3BF /* YearFeature */ = {
			isa = XCSwiftPackageProductDependency;
			productName = YearFeature;
		};
		F975F2132CAB007500C9D3BF /* PayClient */ = {
			isa = XCSwiftPackageProductDependency;
			productName = PayClient;
		};
		F978C04D2CA32AF700C4511A /* Models */ = {
			isa = XCSwiftPackageProductDependency;
			productName = Models;
		};
		F978C0552CA332F900C4511A /* SharedStateExtensions */ = {
			isa = XCSwiftPackageProductDependency;
			productName = SharedStateExtensions;
		};
		F9972A7F2C9E0EFC007B2E3C /* ComposableArchitecture */ = {
			isa = XCSwiftPackageProductDependency;
			package = F9972A7E2C9E0EFC007B2E3C /* XCRemoteSwiftPackageReference "swift-composable-architecture" */;
			productName = ComposableArchitecture;
		};
/* End XCSwiftPackageProductDependency section */
	};
	rootObject = F9DDFA772C9DDFD500488DC5 /* Project object */;
}
